// !$*UTF8*$!
{
	archiveVersion = 1;
	classes = {
	};
	objectVersion = 48;
	objects = {

/* Begin PBXBuildFile section */
		441B21E91F27B57C003D8276 /* AppDelegate.swift in Sources */ = {isa = PBXBuildFile; fileRef = 441B21E81F27B57C003D8276 /* AppDelegate.swift */; };
		441B21EB1F27B57C003D8276 /* art.scnassets in Resources */ = {isa = PBXBuildFile; fileRef = 441B21EA1F27B57C003D8276 /* art.scnassets */; };
		441B21ED1F27B57C003D8276 /* ViewController.swift in Sources */ = {isa = PBXBuildFile; fileRef = 441B21EC1F27B57C003D8276 /* ViewController.swift */; };
		441B21F01F27B57C003D8276 /* Main.storyboard in Resources */ = {isa = PBXBuildFile; fileRef = 441B21EE1F27B57C003D8276 /* Main.storyboard */; };
		441B21F21F27B57C003D8276 /* Assets.xcassets in Resources */ = {isa = PBXBuildFile; fileRef = 441B21F11F27B57C003D8276 /* Assets.xcassets */; };
		441B21F51F27B57C003D8276 /* LaunchScreen.storyboard in Resources */ = {isa = PBXBuildFile; fileRef = 441B21F31F27B57C003D8276 /* LaunchScreen.storyboard */; };
		444470B51F2B88F900511A3A /* Extensions.swift in Sources */ = {isa = PBXBuildFile; fileRef = 444470B41F2B88F900511A3A /* Extensions.swift */; };
		444470C41F2B937500511A3A /* ComicNeue_Bold_Oblique.otf in Resources */ = {isa = PBXBuildFile; fileRef = 444470C01F2B932B00511A3A /* ComicNeue_Bold_Oblique.otf */; };
		444470C51F2B937500511A3A /* ComicNeue_Bold.otf in Resources */ = {isa = PBXBuildFile; fileRef = 444470BE1F2B932B00511A3A /* ComicNeue_Bold.otf */; };
		444470C61F2B937500511A3A /* ComicNeue_Light_Oblique.otf in Resources */ = {isa = PBXBuildFile; fileRef = 444470B91F2B932A00511A3A /* ComicNeue_Light_Oblique.otf */; };
		444470C71F2B937500511A3A /* ComicNeue_Light.otf in Resources */ = {isa = PBXBuildFile; fileRef = 444470BA1F2B932A00511A3A /* ComicNeue_Light.otf */; };
		444470C81F2B937500511A3A /* ComicNeue_Oblique.otf in Resources */ = {isa = PBXBuildFile; fileRef = 444470B71F2B932900511A3A /* ComicNeue_Oblique.otf */; };
		444470C91F2B937500511A3A /* ComicNeue-Angular_Bold_Oblique.otf in Resources */ = {isa = PBXBuildFile; fileRef = 444470B61F2B932900511A3A /* ComicNeue-Angular_Bold_Oblique.otf */; };
		444470CA1F2B937500511A3A /* ComicNeue-Angular_Bold.otf in Resources */ = {isa = PBXBuildFile; fileRef = 444470BC1F2B932A00511A3A /* ComicNeue-Angular_Bold.otf */; };
		444470CB1F2B937500511A3A /* ComicNeue-Angular_Light_Oblique.otf in Resources */ = {isa = PBXBuildFile; fileRef = 444470BD1F2B932B00511A3A /* ComicNeue-Angular_Light_Oblique.otf */; };
		444470CC1F2B937500511A3A /* ComicNeue-Angular_Light.otf in Resources */ = {isa = PBXBuildFile; fileRef = 444470B81F2B932A00511A3A /* ComicNeue-Angular_Light.otf */; };
		444470CD1F2B937500511A3A /* ComicNeue-Angular_Oblique.otf in Resources */ = {isa = PBXBuildFile; fileRef = 444470C11F2B932B00511A3A /* ComicNeue-Angular_Oblique.otf */; };
		444470CE1F2B937500511A3A /* ComicNeue-Angular-Regular.otf in Resources */ = {isa = PBXBuildFile; fileRef = 444470BF1F2B932B00511A3A /* ComicNeue-Angular-Regular.otf */; };
		444470CF1F2B937500511A3A /* ComicNeue-Regular.otf in Resources */ = {isa = PBXBuildFile; fileRef = 444470BB1F2B932A00511A3A /* ComicNeue-Regular.otf */; };
		44AE58FC1F2CD42B00029000 /* NumberThree.m4a in Resources */ = {isa = PBXBuildFile; fileRef = 444470D91F2CD2E900511A3A /* NumberThree.m4a */; };
		44AE59001F2CE3F600029000 /* AudioController.swift in Sources */ = {isa = PBXBuildFile; fileRef = 44AE58FF1F2CE3F600029000 /* AudioController.swift */; };
		44AE59011F2CE9A800029000 /* Fail.wav in Resources */ = {isa = PBXBuildFile; fileRef = 44AE58FE1F2CD81D00029000 /* Fail.wav */; };
		44AE59021F2CE9A800029000 /* Success.wav in Resources */ = {isa = PBXBuildFile; fileRef = 44AE58FD1F2CD71D00029000 /* Success.wav */; };
/* End PBXBuildFile section */

/* Begin PBXFileReference section */
		441B21E51F27B57C003D8276 /* Zoopy.app */ = {isa = PBXFileReference; explicitFileType = wrapper.application; includeInIndex = 0; path = Zoopy.app; sourceTree = BUILT_PRODUCTS_DIR; };
		441B21E81F27B57C003D8276 /* AppDelegate.swift */ = {isa = PBXFileReference; lastKnownFileType = sourcecode.swift; path = AppDelegate.swift; sourceTree = "<group>"; };
		441B21EA1F27B57C003D8276 /* art.scnassets */ = {isa = PBXFileReference; lastKnownFileType = wrapper.scnassets; path = art.scnassets; sourceTree = "<group>"; };
		441B21EC1F27B57C003D8276 /* ViewController.swift */ = {isa = PBXFileReference; lastKnownFileType = sourcecode.swift; path = ViewController.swift; sourceTree = "<group>"; };
		441B21EF1F27B57C003D8276 /* Base */ = {isa = PBXFileReference; lastKnownFileType = file.storyboard; name = Base; path = Base.lproj/Main.storyboard; sourceTree = "<group>"; };
		441B21F11F27B57C003D8276 /* Assets.xcassets */ = {isa = PBXFileReference; lastKnownFileType = folder.assetcatalog; path = Assets.xcassets; sourceTree = "<group>"; };
		441B21F41F27B57C003D8276 /* Base */ = {isa = PBXFileReference; lastKnownFileType = file.storyboard; name = Base; path = Base.lproj/LaunchScreen.storyboard; sourceTree = "<group>"; };
		441B21F61F27B57C003D8276 /* Info.plist */ = {isa = PBXFileReference; lastKnownFileType = text.plist.xml; path = Info.plist; sourceTree = "<group>"; };
		444470B41F2B88F900511A3A /* Extensions.swift */ = {isa = PBXFileReference; lastKnownFileType = sourcecode.swift; path = Extensions.swift; sourceTree = "<group>"; };
		444470B61F2B932900511A3A /* ComicNeue-Angular_Bold_Oblique.otf */ = {isa = PBXFileReference; lastKnownFileType = file; path = "ComicNeue-Angular_Bold_Oblique.otf"; sourceTree = "<group>"; };
		444470B71F2B932900511A3A /* ComicNeue_Oblique.otf */ = {isa = PBXFileReference; lastKnownFileType = file; path = ComicNeue_Oblique.otf; sourceTree = "<group>"; };
		444470B81F2B932A00511A3A /* ComicNeue-Angular_Light.otf */ = {isa = PBXFileReference; lastKnownFileType = file; path = "ComicNeue-Angular_Light.otf"; sourceTree = "<group>"; };
		444470B91F2B932A00511A3A /* ComicNeue_Light_Oblique.otf */ = {isa = PBXFileReference; lastKnownFileType = file; path = ComicNeue_Light_Oblique.otf; sourceTree = "<group>"; };
		444470BA1F2B932A00511A3A /* ComicNeue_Light.otf */ = {isa = PBXFileReference; lastKnownFileType = file; path = ComicNeue_Light.otf; sourceTree = "<group>"; };
		444470BB1F2B932A00511A3A /* ComicNeue-Regular.otf */ = {isa = PBXFileReference; lastKnownFileType = file; path = "ComicNeue-Regular.otf"; sourceTree = "<group>"; };
		444470BC1F2B932A00511A3A /* ComicNeue-Angular_Bold.otf */ = {isa = PBXFileReference; lastKnownFileType = file; path = "ComicNeue-Angular_Bold.otf"; sourceTree = "<group>"; };
		444470BD1F2B932B00511A3A /* ComicNeue-Angular_Light_Oblique.otf */ = {isa = PBXFileReference; lastKnownFileType = file; path = "ComicNeue-Angular_Light_Oblique.otf"; sourceTree = "<group>"; };
		444470BE1F2B932B00511A3A /* ComicNeue_Bold.otf */ = {isa = PBXFileReference; lastKnownFileType = file; path = ComicNeue_Bold.otf; sourceTree = "<group>"; };
		444470BF1F2B932B00511A3A /* ComicNeue-Angular-Regular.otf */ = {isa = PBXFileReference; lastKnownFileType = file; path = "ComicNeue-Angular-Regular.otf"; sourceTree = "<group>"; };
		444470C01F2B932B00511A3A /* ComicNeue_Bold_Oblique.otf */ = {isa = PBXFileReference; lastKnownFileType = file; path = ComicNeue_Bold_Oblique.otf; sourceTree = "<group>"; };
		444470C11F2B932B00511A3A /* ComicNeue-Angular_Oblique.otf */ = {isa = PBXFileReference; lastKnownFileType = file; path = "ComicNeue-Angular_Oblique.otf"; sourceTree = "<group>"; };
		444470D91F2CD2E900511A3A /* NumberThree.m4a */ = {isa = PBXFileReference; lastKnownFileType = file; path = NumberThree.m4a; sourceTree = "<group>"; };
		44AE58FD1F2CD71D00029000 /* Success.wav */ = {isa = PBXFileReference; lastKnownFileType = audio.wav; path = Success.wav; sourceTree = "<group>"; };
		44AE58FE1F2CD81D00029000 /* Fail.wav */ = {isa = PBXFileReference; lastKnownFileType = audio.wav; path = Fail.wav; sourceTree = "<group>"; };
		44AE58FF1F2CE3F600029000 /* AudioController.swift */ = {isa = PBXFileReference; lastKnownFileType = sourcecode.swift; path = AudioController.swift; sourceTree = "<group>"; };
/* End PBXFileReference section */

/* Begin PBXFrameworksBuildPhase section */
		441B21E21F27B57C003D8276 /* Frameworks */ = {
			isa = PBXFrameworksBuildPhase;
			buildActionMask = 2147483647;
			files = (
			);
			runOnlyForDeploymentPostprocessing = 0;
		};
/* End PBXFrameworksBuildPhase section */

/* Begin PBXGroup section */
		441B21DC1F27B57B003D8276 = {
			isa = PBXGroup;
			children = (
				441B21E71F27B57C003D8276 /* Zoopy */,
				441B21E61F27B57C003D8276 /* Products */,
			);
			sourceTree = "<group>";
		};
		441B21E61F27B57C003D8276 /* Products */ = {
			isa = PBXGroup;
			children = (
				441B21E51F27B57C003D8276 /* Zoopy.app */,
			);
			name = Products;
			sourceTree = "<group>";
		};
		441B21E71F27B57C003D8276 /* Zoopy */ = {
			isa = PBXGroup;
			children = (
				444470C31F2B934600511A3A /* Resources */,
				441B21E81F27B57C003D8276 /* AppDelegate.swift */,
				444470B41F2B88F900511A3A /* Extensions.swift */,
				441B21EC1F27B57C003D8276 /* ViewController.swift */,
				441B21EE1F27B57C003D8276 /* Main.storyboard */,
				441B21F31F27B57C003D8276 /* LaunchScreen.storyboard */,
				441B21F61F27B57C003D8276 /* Info.plist */,
				44AE58FF1F2CE3F600029000 /* AudioController.swift */,
			);
			path = Zoopy;
			sourceTree = "<group>";
		};
		444470C21F2B933200511A3A /* Font */ = {
			isa = PBXGroup;
			children = (
				444470C01F2B932B00511A3A /* ComicNeue_Bold_Oblique.otf */,
				444470BE1F2B932B00511A3A /* ComicNeue_Bold.otf */,
				444470B91F2B932A00511A3A /* ComicNeue_Light_Oblique.otf */,
				444470BA1F2B932A00511A3A /* ComicNeue_Light.otf */,
				444470B71F2B932900511A3A /* ComicNeue_Oblique.otf */,
				444470B61F2B932900511A3A /* ComicNeue-Angular_Bold_Oblique.otf */,
				444470BC1F2B932A00511A3A /* ComicNeue-Angular_Bold.otf */,
				444470BD1F2B932B00511A3A /* ComicNeue-Angular_Light_Oblique.otf */,
				444470B81F2B932A00511A3A /* ComicNeue-Angular_Light.otf */,
				444470C11F2B932B00511A3A /* ComicNeue-Angular_Oblique.otf */,
				444470BF1F2B932B00511A3A /* ComicNeue-Angular-Regular.otf */,
				444470BB1F2B932A00511A3A /* ComicNeue-Regular.otf */,
			);
			path = Font;
			sourceTree = "<group>";
		};
		444470C31F2B934600511A3A /* Resources */ = {
			isa = PBXGroup;
			children = (
				444470D81F2CD1CB00511A3A /* Audio */,
				444470C21F2B933200511A3A /* Font */,
				441B21EA1F27B57C003D8276 /* art.scnassets */,
				441B21F11F27B57C003D8276 /* Assets.xcassets */,
			);
			path = Resources;
			sourceTree = "<group>";
		};
		444470D81F2CD1CB00511A3A /* Audio */ = {
			isa = PBXGroup;
			children = (
				444470D91F2CD2E900511A3A /* NumberThree.m4a */,
				44AE58FE1F2CD81D00029000 /* Fail.wav */,
				44AE58FD1F2CD71D00029000 /* Success.wav */,
			);
			name = Audio;
			sourceTree = "<group>";
		};
/* End PBXGroup section */

/* Begin PBXNativeTarget section */
		441B21E41F27B57C003D8276 /* Zoopy */ = {
			isa = PBXNativeTarget;
			buildConfigurationList = 441B21F91F27B57C003D8276 /* Build configuration list for PBXNativeTarget "Zoopy" */;
			buildPhases = (
				441B21E11F27B57C003D8276 /* Sources */,
				441B21E21F27B57C003D8276 /* Frameworks */,
				441B21E31F27B57C003D8276 /* Resources */,
			);
			buildRules = (
			);
			dependencies = (
			);
			name = Zoopy;
			productName = Zoopy;
			productReference = 441B21E51F27B57C003D8276 /* Zoopy.app */;
			productType = "com.apple.product-type.application";
		};
/* End PBXNativeTarget section */

/* Begin PBXProject section */
		441B21DD1F27B57B003D8276 /* Project object */ = {
			isa = PBXProject;
			attributes = {
				LastSwiftUpdateCheck = 0900;
				LastUpgradeCheck = 0900;
				ORGANIZATIONNAME = com.zoopy.app;
				TargetAttributes = {
					441B21E41F27B57C003D8276 = {
						CreatedOnToolsVersion = 9.0;
					};
				};
			};
			buildConfigurationList = 441B21E01F27B57B003D8276 /* Build configuration list for PBXProject "Zoopy" */;
			compatibilityVersion = "Xcode 8.0";
			developmentRegion = en;
			hasScannedForEncodings = 0;
			knownRegions = (
				en,
				Base,
			);
			mainGroup = 441B21DC1F27B57B003D8276;
			productRefGroup = 441B21E61F27B57C003D8276 /* Products */;
			projectDirPath = "";
			projectRoot = "";
			targets = (
				441B21E41F27B57C003D8276 /* Zoopy */,
			);
		};
/* End PBXProject section */

/* Begin PBXResourcesBuildPhase section */
		441B21E31F27B57C003D8276 /* Resources */ = {
			isa = PBXResourcesBuildPhase;
			buildActionMask = 2147483647;
			files = (
				44AE59011F2CE9A800029000 /* Fail.wav in Resources */,
				44AE59021F2CE9A800029000 /* Success.wav in Resources */,
				44AE58FC1F2CD42B00029000 /* NumberThree.m4a in Resources */,
				444470C41F2B937500511A3A /* ComicNeue_Bold_Oblique.otf in Resources */,
				444470C51F2B937500511A3A /* ComicNeue_Bold.otf in Resources */,
				444470C61F2B937500511A3A /* ComicNeue_Light_Oblique.otf in Resources */,
				444470C71F2B937500511A3A /* ComicNeue_Light.otf in Resources */,
				444470C81F2B937500511A3A /* ComicNeue_Oblique.otf in Resources */,
				444470C91F2B937500511A3A /* ComicNeue-Angular_Bold_Oblique.otf in Resources */,
				444470CA1F2B937500511A3A /* ComicNeue-Angular_Bold.otf in Resources */,
				444470CB1F2B937500511A3A /* ComicNeue-Angular_Light_Oblique.otf in Resources */,
				444470CC1F2B937500511A3A /* ComicNeue-Angular_Light.otf in Resources */,
				444470CD1F2B937500511A3A /* ComicNeue-Angular_Oblique.otf in Resources */,
				444470CE1F2B937500511A3A /* ComicNeue-Angular-Regular.otf in Resources */,
				444470CF1F2B937500511A3A /* ComicNeue-Regular.otf in Resources */,
				441B21EB1F27B57C003D8276 /* art.scnassets in Resources */,
				441B21F51F27B57C003D8276 /* LaunchScreen.storyboard in Resources */,
				441B21F21F27B57C003D8276 /* Assets.xcassets in Resources */,
				441B21F01F27B57C003D8276 /* Main.storyboard in Resources */,
			);
			runOnlyForDeploymentPostprocessing = 0;
		};
/* End PBXResourcesBuildPhase section */

/* Begin PBXSourcesBuildPhase section */
		441B21E11F27B57C003D8276 /* Sources */ = {
			isa = PBXSourcesBuildPhase;
			buildActionMask = 2147483647;
			files = (
				441B21ED1F27B57C003D8276 /* ViewController.swift in Sources */,
				444470B51F2B88F900511A3A /* Extensions.swift in Sources */,
				44AE59001F2CE3F600029000 /* AudioController.swift in Sources */,
				441B21E91F27B57C003D8276 /* AppDelegate.swift in Sources */,
			);
			runOnlyForDeploymentPostprocessing = 0;
		};
/* End PBXSourcesBuildPhase section */

/* Begin PBXVariantGroup section */
		441B21EE1F27B57C003D8276 /* Main.storyboard */ = {
			isa = PBXVariantGroup;
			children = (
				441B21EF1F27B57C003D8276 /* Base */,
			);
			name = Main.storyboard;
			sourceTree = "<group>";
		};
		441B21F31F27B57C003D8276 /* LaunchScreen.storyboard */ = {
			isa = PBXVariantGroup;
			children = (
				441B21F41F27B57C003D8276 /* Base */,
			);
			name = LaunchScreen.storyboard;
			sourceTree = "<group>";
		};
/* End PBXVariantGroup section */

/* Begin XCBuildConfiguration section */
		441B21F71F27B57C003D8276 /* Debug */ = {
			isa = XCBuildConfiguration;
			buildSettings = {
				ALWAYS_SEARCH_USER_PATHS = NO;
				CLANG_ANALYZER_NONNULL = YES;
				CLANG_ANALYZER_NUMBER_OBJECT_CONVERSION = YES_AGGRESSIVE;
				CLANG_CXX_LANGUAGE_STANDARD = "gnu++14";
				CLANG_CXX_LIBRARY = "libc++";
				CLANG_ENABLE_MODULES = YES;
				CLANG_ENABLE_OBJC_ARC = YES;
				CLANG_WARN_BLOCK_CAPTURE_AUTORELEASING = YES;
				CLANG_WARN_BOOL_CONVERSION = YES;
				CLANG_WARN_COMMA = YES;
				CLANG_WARN_CONSTANT_CONVERSION = YES;
				CLANG_WARN_DIRECT_OBJC_ISA_USAGE = YES_ERROR;
				CLANG_WARN_DOCUMENTATION_COMMENTS = YES;
				CLANG_WARN_EMPTY_BODY = YES;
				CLANG_WARN_ENUM_CONVERSION = YES;
				CLANG_WARN_INFINITE_RECURSION = YES;
				CLANG_WARN_INT_CONVERSION = YES;
				CLANG_WARN_OBJC_ROOT_CLASS = YES_ERROR;
				CLANG_WARN_RANGE_LOOP_ANALYSIS = YES;
				CLANG_WARN_STRICT_PROTOTYPES = YES;
				CLANG_WARN_SUSPICIOUS_MOVE = YES;
				CLANG_WARN_UNGUARDED_AVAILABILITY = YES_AGGRESSIVE;
				CLANG_WARN_UNREACHABLE_CODE = YES;
				CLANG_WARN__DUPLICATE_METHOD_MATCH = YES;
				CODE_SIGN_IDENTITY = "iPhone Developer";
				COPY_PHASE_STRIP = NO;
				DEBUG_INFORMATION_FORMAT = dwarf;
				ENABLE_STRICT_OBJC_MSGSEND = YES;
				ENABLE_TESTABILITY = YES;
				GCC_C_LANGUAGE_STANDARD = gnu11;
				GCC_DYNAMIC_NO_PIC = NO;
				GCC_NO_COMMON_BLOCKS = YES;
				GCC_OPTIMIZATION_LEVEL = 0;
				GCC_PREPROCESSOR_DEFINITIONS = (
					"DEBUG=1",
					"$(inherited)",
				);
				GCC_WARN_64_TO_32_BIT_CONVERSION = YES;
				GCC_WARN_ABOUT_RETURN_TYPE = YES_ERROR;
				GCC_WARN_UNDECLARED_SELECTOR = YES;
				GCC_WARN_UNINITIALIZED_AUTOS = YES_AGGRESSIVE;
				GCC_WARN_UNUSED_FUNCTION = YES;
				GCC_WARN_UNUSED_VARIABLE = YES;
				IPHONEOS_DEPLOYMENT_TARGET = 11.0;
				MTL_ENABLE_DEBUG_INFO = YES;
				ONLY_ACTIVE_ARCH = YES;
				SDKROOT = iphoneos;
				SWIFT_ACTIVE_COMPILATION_CONDITIONS = DEBUG;
				SWIFT_OPTIMIZATION_LEVEL = "-Onone";
			};
			name = Debug;
		};
		441B21F81F27B57C003D8276 /* Release */ = {
			isa = XCBuildConfiguration;
			buildSettings = {
				ALWAYS_SEARCH_USER_PATHS = NO;
				CLANG_ANALYZER_NONNULL = YES;
				CLANG_ANALYZER_NUMBER_OBJECT_CONVERSION = YES_AGGRESSIVE;
				CLANG_CXX_LANGUAGE_STANDARD = "gnu++14";
				CLANG_CXX_LIBRARY = "libc++";
				CLANG_ENABLE_MODULES = YES;
				CLANG_ENABLE_OBJC_ARC = YES;
				CLANG_WARN_BLOCK_CAPTURE_AUTORELEASING = YES;
				CLANG_WARN_BOOL_CONVERSION = YES;
				CLANG_WARN_COMMA = YES;
				CLANG_WARN_CONSTANT_CONVERSION = YES;
				CLANG_WARN_DIRECT_OBJC_ISA_USAGE = YES_ERROR;
				CLANG_WARN_DOCUMENTATION_COMMENTS = YES;
				CLANG_WARN_EMPTY_BODY = YES;
				CLANG_WARN_ENUM_CONVERSION = YES;
				CLANG_WARN_INFINITE_RECURSION = YES;
				CLANG_WARN_INT_CONVERSION = YES;
				CLANG_WARN_OBJC_ROOT_CLASS = YES_ERROR;
				CLANG_WARN_RANGE_LOOP_ANALYSIS = YES;
				CLANG_WARN_STRICT_PROTOTYPES = YES;
				CLANG_WARN_SUSPICIOUS_MOVE = YES;
				CLANG_WARN_UNGUARDED_AVAILABILITY = YES_AGGRESSIVE;
				CLANG_WARN_UNREACHABLE_CODE = YES;
				CLANG_WARN__DUPLICATE_METHOD_MATCH = YES;
				CODE_SIGN_IDENTITY = "iPhone Developer";
				COPY_PHASE_STRIP = NO;
				DEBUG_INFORMATION_FORMAT = "dwarf-with-dsym";
				ENABLE_NS_ASSERTIONS = NO;
				ENABLE_STRICT_OBJC_MSGSEND = YES;
				GCC_C_LANGUAGE_STANDARD = gnu11;
				GCC_NO_COMMON_BLOCKS = YES;
				GCC_WARN_64_TO_32_BIT_CONVERSION = YES;
				GCC_WARN_ABOUT_RETURN_TYPE = YES_ERROR;
				GCC_WARN_UNDECLARED_SELECTOR = YES;
				GCC_WARN_UNINITIALIZED_AUTOS = YES_AGGRESSIVE;
				GCC_WARN_UNUSED_FUNCTION = YES;
				GCC_WARN_UNUSED_VARIABLE = YES;
				IPHONEOS_DEPLOYMENT_TARGET = 11.0;
				MTL_ENABLE_DEBUG_INFO = NO;
				SDKROOT = iphoneos;
				SWIFT_OPTIMIZATION_LEVEL = "-Owholemodule";
				VALIDATE_PRODUCT = YES;
			};
			name = Release;
		};
		441B21FA1F27B57C003D8276 /* Debug */ = {
			isa = XCBuildConfiguration;
			buildSettings = {
				ASSETCATALOG_COMPILER_APPICON_NAME = AppIcon;
				DEVELOPMENT_TEAM = DXXE2BH2EU;
				INFOPLIST_FILE = Zoopy/Info.plist;
				LD_RUNPATH_SEARCH_PATHS = "$(inherited) @executable_path/Frameworks";
				PRODUCT_BUNDLE_IDENTIFIER = com.zoopy.app.Zoopy;
				PRODUCT_NAME = "$(TARGET_NAME)";
				SWIFT_VERSION = 4.0;
				TARGETED_DEVICE_FAMILY = "1,2";
			};
			name = Debug;
		};
		441B21FB1F27B57C003D8276 /* Release */ = {
			isa = XCBuildConfiguration;
			buildSettings = {
				ASSETCATALOG_COMPILER_APPICON_NAME = AppIcon;
				DEVELOPMENT_TEAM = DXXE2BH2EU;
				INFOPLIST_FILE = Zoopy/Info.plist;
				LD_RUNPATH_SEARCH_PATHS = "$(inherited) @executable_path/Frameworks";
				PRODUCT_BUNDLE_IDENTIFIER = com.zoopy.app.Zoopy;
				PRODUCT_NAME = "$(TARGET_NAME)";
				SWIFT_VERSION = 4.0;
				TARGETED_DEVICE_FAMILY = "1,2";
			};
			name = Release;
		};
/* End XCBuildConfiguration section */

/* Begin XCConfigurationList section */
		441B21E01F27B57B003D8276 /* Build configuration list for PBXProject "Zoopy" */ = {
			isa = XCConfigurationList;
			buildConfigurations = (
				441B21F71F27B57C003D8276 /* Debug */,
				441B21F81F27B57C003D8276 /* Release */,
			);
			defaultConfigurationIsVisible = 0;
			defaultConfigurationName = Release;
		};
		441B21F91F27B57C003D8276 /* Build configuration list for PBXNativeTarget "Zoopy" */ = {
			isa = XCConfigurationList;
			buildConfigurations = (
				441B21FA1F27B57C003D8276 /* Debug */,
				441B21FB1F27B57C003D8276 /* Release */,
			);
			defaultConfigurationIsVisible = 0;
			defaultConfigurationName = Release;
		};
/* End XCConfigurationList section */
	};
	rootObject = 441B21DD1F27B57B003D8276 /* Project object */;
}
